
Microsoft Visual Studio Solution File, Format Version 12.00
# Visual Studio Version 17
VisualStudioVersion = 17.8.34316.72
MinimumVisualStudioVersion = 10.0.40219.1
Project("{FAE04EC0-301F-11D3-BF4B-00C04F79EFBC}") = "API", "API\API.csproj", "{42918D4F-1D92-410C-89FE-B4541F5406A3}"
EndProject
Project("{FAE04EC0-301F-11D3-BF4B-00C04F79EFBC}") = "Data", "Data\Data.csproj", "{AFD87710-AC13-4314-ACAF-217990F9131A}"
EndProject
Project("{FAE04EC0-301F-11D3-BF4B-00C04F79EFBC}") = "Models", "Models\Models.csproj", "{5E3C8FE0-11D6-4EAA-960F-F85C449FFD22}"
EndProject
Project("{FAE04EC0-301F-11D3-BF4B-00C04F79EFBC}") = "Utilidades", "Utilidades\Utilidades.csproj", "{E26A9D60-7F78-4AD1-AEE6-201C667E82CF}"
EndProject
Project("{FAE04EC0-301F-11D3-BF4B-00C04F79EFBC}") = "BLL", "BLL\BLL.csproj", "{E87855D7-7151-4342-920B-DF2B2BCBACAF}"
EndProject
Global
	GlobalSection(SolutionConfigurationPlatforms) = preSolution
		Debug|Any CPU = Debug|Any CPU
		Release|Any CPU = Release|Any CPU
	EndGlobalSection
	GlobalSection(ProjectConfigurationPlatforms) = postSolution
		{42918D4F-1D92-410C-89FE-B4541F5406A3}.Debug|Any CPU.ActiveCfg = Debug|Any CPU
		{42918D4F-1D92-410C-89FE-B4541F5406A3}.Debug|Any CPU.Build.0 = Debug|Any CPU
		{42918D4F-1D92-410C-89FE-B4541F5406A3}.Release|Any CPU.ActiveCfg = Release|Any CPU
		{42918D4F-1D92-410C-89FE-B4541F5406A3}.Release|Any CPU.Build.0 = Release|Any CPU
		{AFD87710-AC13-4314-ACAF-217990F9131A}.Debug|Any CPU.ActiveCfg = Debug|Any CPU
		{AFD87710-AC13-4314-ACAF-217990F9131A}.Debug|Any CPU.Build.0 = Debug|Any CPU
		{AFD87710-AC13-4314-ACAF-217990F9131A}.Release|Any CPU.ActiveCfg = Release|Any CPU
		{AFD87710-AC13-4314-ACAF-217990F9131A}.Release|Any CPU.Build.0 = Release|Any CPU
		{5E3C8FE0-11D6-4EAA-960F-F85C449FFD22}.Debug|Any CPU.ActiveCfg = Debug|Any CPU
		{5E3C8FE0-11D6-4EAA-960F-F85C449FFD22}.Debug|Any CPU.Build.0 = Debug|Any CPU
		{5E3C8FE0-11D6-4EAA-960F-F85C449FFD22}.Release|Any CPU.ActiveCfg = Release|Any CPU
		{5E3C8FE0-11D6-4EAA-960F-F85C449FFD22}.Release|Any CPU.Build.0 = Release|Any CPU
		{E26A9D60-7F78-4AD1-AEE6-201C667E82CF}.Debug|Any CPU.ActiveCfg = Debug|Any CPU
		{E26A9D60-7F78-4AD1-AEE6-201C667E82CF}.Debug|Any CPU.Build.0 = Debug|Any CPU
		{E26A9D60-7F78-4AD1-AEE6-201C667E82CF}.Release|Any CPU.ActiveCfg = Release|Any CPU
		{E26A9D60-7F78-4AD1-AEE6-201C667E82CF}.Release|Any CPU.Build.0 = Release|Any CPU
		{E87855D7-7151-4342-920B-DF2B2BCBACAF}.Debug|Any CPU.ActiveCfg = Debug|Any CPU
		{E87855D7-7151-4342-920B-DF2B2BCBACAF}.Debug|Any CPU.Build.0 = Debug|Any CPU
		{E87855D7-7151-4342-920B-DF2B2BCBACAF}.Release|Any CPU.ActiveCfg = Release|Any CPU
		{E87855D7-7151-4342-920B-DF2B2BCBACAF}.Release|Any CPU.Build.0 = Release|Any CPU
	EndGlobalSection
	GlobalSection(SolutionProperties) = preSolution
		HideSolutionNode = FALSE
	EndGlobalSection
	GlobalSection(ExtensibilityGlobals) = postSolution
		SolutionGuid = {4B970A79-837E-46A6-B7C7-81DB9C3F5DDC}
	EndGlobalSection
EndGlobal
